{
  "version": 4,
  "terraform_version": "0.12.12",
  "serial": 6,
  "lineage": "14acb764-1d78-b6e0-167f-06e5f2111b2c",
  "outputs": {
    "ip": {
      "value": "104.198.5.251",
      "type": "string"
    }
  },
  "resources": [
    {
      "mode": "managed",
      "type": "google_compute_instance",
      "name": "default",
      "provider": "provider.google",
      "instances": [
        {
          "schema_version": 6,
          "attributes": {
            "allow_stopping_for_update": null,
            "attached_disk": [],
            "boot_disk": [
              {
                "auto_delete": true,
                "device_name": "persistent-disk-0",
                "disk_encryption_key_raw": "",
                "disk_encryption_key_sha256": "",
                "initialize_params": [
                  {
                    "image": "https://www.googleapis.com/compute/v1/projects/ubuntu-os-cloud/global/images/ubuntu-1804-bionic-v20191021",
                    "labels": {},
                    "size": 10,
                    "type": "pd-standard"
                  }
                ],
                "kms_key_self_link": "",
                "mode": "READ_WRITE",
                "source": "https://www.googleapis.com/compute/v1/projects/terraform-257013/zones/us-west1-a/disks/terraform-vm-22c9899a11c1b558"
              }
            ],
            "can_ip_forward": false,
            "cpu_platform": "Intel Broadwell",
            "deletion_protection": false,
            "description": "",
            "disk": [],
            "guest_accelerator": [],
            "hostname": "",
            "id": "terraform-vm-22c9899a11c1b558",
            "instance_id": "7916219465734209099",
            "label_fingerprint": "42WmSpB8rSM=",
            "labels": {},
            "machine_type": "f1-micro",
            "metadata": {
              "ssh-keys": "artishok:ssh-rsa AAAAB3NzaC1yc2EAAAADAQABAAABAQC4lCCKFLljEovYsrld0hs2/Dvdz5OzVEMwPER+7k0sVz1ji5+0Wn7SwbSsq+x5OKG2NSxJDiJeMdP0mgAN4YRP7MetkcvKUy5rDtfiwuWku9PGNYVwMFfqL6A6e9TELJmL6t2B3JH97EbDA6VpZ4A9PmK0CfHGBVSwXuzHC+T2KqipVBwa91oBm5v1hw/oo4zslAAF4Cvq/QczlJOlx3M2OH4D2BkmAqmjF18AhDsFtSAaZI/5anoo6FYgGbfhjILDtDoJWYyC1arJo8m74+xTF3e5IILZiGei4C6ANMW+r9OictU1zr8nTNCbA0tcs0cw1cc1Jpam8gWnZSs6gDmj artishok@artishok-note\n"
            },
            "metadata_fingerprint": "oYAY8MMPt9c=",
            "metadata_startup_script": "sudo apt-get update; sudo apt-get install php-fpm; sudo apt install nginx; sudo apt install mariadb-server",
            "min_cpu_platform": "",
            "name": "terraform-vm-22c9899a11c1b558",
            "network_interface": [
              {
                "access_config": [
                  {
                    "assigned_nat_ip": "",
                    "nat_ip": "104.198.5.251",
                    "network_tier": "PREMIUM",
                    "public_ptr_domain_name": ""
                  }
                ],
                "address": "",
                "alias_ip_range": [],
                "name": "nic0",
                "network": "https://www.googleapis.com/compute/v1/projects/terraform-257013/global/networks/default",
                "network_ip": "10.138.0.2",
                "subnetwork": "https://www.googleapis.com/compute/v1/projects/terraform-257013/regions/us-west1/subnetworks/default",
                "subnetwork_project": "terraform-257013"
              }
            ],
            "project": "terraform-257013",
            "scheduling": [
              {
                "automatic_restart": true,
                "node_affinities": [],
                "on_host_maintenance": "MIGRATE",
                "preemptible": false
              }
            ],
            "scratch_disk": [],
            "self_link": "https://www.googleapis.com/compute/v1/projects/terraform-257013/zones/us-west1-a/instances/terraform-vm-22c9899a11c1b558",
            "service_account": [],
            "shielded_instance_config": [],
            "tags": [],
            "tags_fingerprint": "42WmSpB8rSM=",
            "timeouts": null,
            "zone": "us-west1-a"
          },
          "private": "eyJlMmJmYjczMC1lY2FhLTExZTYtOGY4OC0zNDM2M2JjN2M0YzAiOnsiY3JlYXRlIjoxMjAwMDAwMDAwMDAwLCJkZWxldGUiOjEyMDAwMDAwMDAwMDAsInVwZGF0ZSI6MTIwMDAwMDAwMDAwMH0sInNjaGVtYV92ZXJzaW9uIjoiNiJ9",
          "depends_on": [
            "random_id.instance_id"
          ]
        }
      ]
    },
    {
      "mode": "managed",
      "type": "random_id",
      "name": "instance_id",
      "provider": "provider.random",
      "instances": [
        {
          "schema_version": 0,
          "attributes": {
            "b64": "IsmJmhHBtVg",
            "b64_std": "IsmJmhHBtVg=",
            "b64_url": "IsmJmhHBtVg",
            "byte_length": 8,
            "dec": "2506685962424268120",
            "hex": "22c9899a11c1b558",
            "id": "IsmJmhHBtVg",
            "keepers": null,
            "prefix": null
          },
          "private": "bnVsbA=="
        }
      ]
    }
  ]
}
